
Microsoft Visual Studio Solution File, Format Version 12.00
# Visual Studio Version 16
VisualStudioVersion = 16.0.30309.148
MinimumVisualStudioVersion = 10.0.40219.1
Project("{9A19103F-16F7-4668-BE54-9A1E7A4F7556}") = "MicroCredential", "MicroCredential.csproj", "{489F58C9-59D5-45DD-92C9-15E296C1FEED}"
EndProject
Project("{FAE04EC0-301F-11D3-BF4B-00C04F79EFBC}") = "MicroCredentialUnitTestProject", "..\MicroCredentialUnitTestProject\MicroCredentialUnitTestProject.csproj", "{3255751E-C43D-4880-8A61-B5341601E8CB}"
EndProject
Global
	GlobalSection(SolutionConfigurationPlatforms) = preSolution
		Debug|Any CPU = Debug|Any CPU
		Release|Any CPU = Release|Any CPU
	EndGlobalSection
	GlobalSection(ProjectConfigurationPlatforms) = postSolution
		{489F58C9-59D5-45DD-92C9-15E296C1FEED}.Debug|Any CPU.ActiveCfg = Debug|Any CPU
		{489F58C9-59D5-45DD-92C9-15E296C1FEED}.Debug|Any CPU.Build.0 = Debug|Any CPU
		{489F58C9-59D5-45DD-92C9-15E296C1FEED}.Release|Any CPU.ActiveCfg = Release|Any CPU
		{489F58C9-59D5-45DD-92C9-15E296C1FEED}.Release|Any CPU.Build.0 = Release|Any CPU
		{3255751E-C43D-4880-8A61-B5341601E8CB}.Debug|Any CPU.ActiveCfg = Debug|Any CPU
		{3255751E-C43D-4880-8A61-B5341601E8CB}.Debug|Any CPU.Build.0 = Debug|Any CPU
		{3255751E-C43D-4880-8A61-B5341601E8CB}.Release|Any CPU.ActiveCfg = Release|Any CPU
		{3255751E-C43D-4880-8A61-B5341601E8CB}.Release|Any CPU.Build.0 = Release|Any CPU
	EndGlobalSection
	GlobalSection(SolutionProperties) = preSolution
		HideSolutionNode = FALSE
	EndGlobalSection
	GlobalSection(ExtensibilityGlobals) = postSolution
		SolutionGuid = {7B1FAC08-5CBC-4220-A57E-90CB5B5CBCD9}
	EndGlobalSection
EndGlobal
